
Microsoft Visual Studio Solution File, Format Version 12.00
# Visual Studio Version 16
VisualStudioVersion = 16.0.29920.165
MinimumVisualStudioVersion = 10.0.40219.1
Project("{9A19103F-16F7-4668-BE54-9A1E7A4F7556}") = "ServerApp", "ServerApp.csproj", "{501EE57F-0912-4F9E-8225-E5A77AB39472}"
EndProject
Project("{E24C65DC-7377-472B-9ABA-BC803B73C61A}") = "ClientApp", "..\ClientApp\", "{9F96AF22-D73D-4A6B-9245-7C57B687BF15}"
	ProjectSection(WebsiteProperties) = preProject
		TargetFrameworkMoniker = ".NETFramework,Version%3Dv4.0"
		Debug.AspNetCompiler.VirtualPath = "/localhost_62739"
		Debug.AspNetCompiler.PhysicalPath = "..\ClientApp\"
		Debug.AspNetCompiler.TargetPath = "PrecompiledWeb\localhost_62739\"
		Debug.AspNetCompiler.Updateable = "true"
		Debug.AspNetCompiler.ForceOverwrite = "true"
		Debug.AspNetCompiler.FixedNames = "false"
		Debug.AspNetCompiler.Debug = "True"
		Release.AspNetCompiler.VirtualPath = "/localhost_62739"
		Release.AspNetCompiler.PhysicalPath = "..\ClientApp\"
		Release.AspNetCompiler.TargetPath = "PrecompiledWeb\localhost_62739\"
		Release.AspNetCompiler.Updateable = "true"
		Release.AspNetCompiler.ForceOverwrite = "true"
		Release.AspNetCompiler.FixedNames = "false"
		Release.AspNetCompiler.Debug = "False"
		VWDPort = "62739"
		SlnRelativePath = "..\ClientApp\"
	EndProjectSection
EndProject
Global
	GlobalSection(SolutionConfigurationPlatforms) = preSolution
		Debug|Any CPU = Debug|Any CPU
		Release|Any CPU = Release|Any CPU
	EndGlobalSection
	GlobalSection(ProjectConfigurationPlatforms) = postSolution
		{501EE57F-0912-4F9E-8225-E5A77AB39472}.Debug|Any CPU.ActiveCfg = Debug|Any CPU
		{501EE57F-0912-4F9E-8225-E5A77AB39472}.Debug|Any CPU.Build.0 = Debug|Any CPU
		{501EE57F-0912-4F9E-8225-E5A77AB39472}.Release|Any CPU.ActiveCfg = Release|Any CPU
		{501EE57F-0912-4F9E-8225-E5A77AB39472}.Release|Any CPU.Build.0 = Release|Any CPU
		{9F96AF22-D73D-4A6B-9245-7C57B687BF15}.Debug|Any CPU.ActiveCfg = Debug|Any CPU
		{9F96AF22-D73D-4A6B-9245-7C57B687BF15}.Debug|Any CPU.Build.0 = Debug|Any CPU
		{9F96AF22-D73D-4A6B-9245-7C57B687BF15}.Release|Any CPU.ActiveCfg = Debug|Any CPU
		{9F96AF22-D73D-4A6B-9245-7C57B687BF15}.Release|Any CPU.Build.0 = Debug|Any CPU
	EndGlobalSection
	GlobalSection(SolutionProperties) = preSolution
		HideSolutionNode = FALSE
	EndGlobalSection
	GlobalSection(ExtensibilityGlobals) = postSolution
		SolutionGuid = {CBE90AE6-65D2-47C4-B336-E2F585A9EFF1}
	EndGlobalSection
EndGlobal
